
Microsoft Visual Studio Solution File, Format Version 11.00
# Visual Studio 2010
Project("{FAE04EC0-301F-11D3-BF4B-00C04F79EFBC}") = "NewAssembly", "NewAssembly.csproj", "{B6BD0C57-4D2F-4778-9FE8-C83093592C7E}"
EndProject
Project("{FAE04EC0-301F-11D3-BF4B-00C04F79EFBC}") = "Tests", "Tests.csproj", "{42B78D5F-A29A-1ACA-B2A8-AB866E5D2BE8}"
EndProject
Global
	GlobalSection(SolutionConfigurationPlatforms) = preSolution
		Debug|Any CPU = Debug|Any CPU
		Release|Any CPU = Release|Any CPU
	EndGlobalSection
	GlobalSection(ProjectConfigurationPlatforms) = postSolution
		{B6BD0C57-4D2F-4778-9FE8-C83093592C7E}.Debug|Any CPU.ActiveCfg = Debug|Any CPU
		{B6BD0C57-4D2F-4778-9FE8-C83093592C7E}.Debug|Any CPU.Build.0 = Debug|Any CPU
		{B6BD0C57-4D2F-4778-9FE8-C83093592C7E}.Release|Any CPU.ActiveCfg = Release|Any CPU
		{B6BD0C57-4D2F-4778-9FE8-C83093592C7E}.Release|Any CPU.Build.0 = Release|Any CPU
		{42B78D5F-A29A-1ACA-B2A8-AB866E5D2BE8}.Debug|Any CPU.ActiveCfg = Debug|Any CPU
		{42B78D5F-A29A-1ACA-B2A8-AB866E5D2BE8}.Debug|Any CPU.Build.0 = Debug|Any CPU
		{42B78D5F-A29A-1ACA-B2A8-AB866E5D2BE8}.Release|Any CPU.ActiveCfg = Release|Any CPU
		{42B78D5F-A29A-1ACA-B2A8-AB866E5D2BE8}.Release|Any CPU.Build.0 = Release|Any CPU
	EndGlobalSection
	GlobalSection(SolutionProperties) = preSolution
		HideSolutionNode = FALSE
	EndGlobalSection
	GlobalSection(MonoDevelopProperties) = preSolution
		StartupItem = Assembly-CSharp.csproj
	EndGlobalSection
EndGlobal
